
Microsoft Visual Studio Solution File, Format Version 12.00
# Visual Studio Version 17
VisualStudioVersion = 17.1.32414.318
MinimumVisualStudioVersion = 10.0.40219.1
Project("{FAE04EC0-301F-11D3-BF4B-00C04F79EFBC}") = "IS424_Project", "IS424_Project\IS424_Project.csproj", "{E7ACB4AB-C1C2-4675-994F-E1052F69C4AF}"
EndProject
Global
	GlobalSection(SolutionConfigurationPlatforms) = preSolution
		Debug|Any CPU = Debug|Any CPU
		Release|Any CPU = Release|Any CPU
	EndGlobalSection
	GlobalSection(ProjectConfigurationPlatforms) = postSolution
		{E7ACB4AB-C1C2-4675-994F-E1052F69C4AF}.Debug|Any CPU.ActiveCfg = Debug|Any CPU
		{E7ACB4AB-C1C2-4675-994F-E1052F69C4AF}.Debug|Any CPU.Build.0 = Debug|Any CPU
		{E7ACB4AB-C1C2-4675-994F-E1052F69C4AF}.Release|Any CPU.ActiveCfg = Release|Any CPU
		{E7ACB4AB-C1C2-4675-994F-E1052F69C4AF}.Release|Any CPU.Build.0 = Release|Any CPU
	EndGlobalSection
	GlobalSection(SolutionProperties) = preSolution
		HideSolutionNode = FALSE
	EndGlobalSection
	GlobalSection(ExtensibilityGlobals) = postSolution
		SolutionGuid = {996A88AE-B957-4E49-8D39-95EEC50F723C}
	EndGlobalSection
EndGlobal
